
Microsoft Visual Studio Solution File, Format Version 12.00
# Visual Studio Version 16
VisualStudioVersion = 16.0.29418.71
MinimumVisualStudioVersion = 10.0.40219.1
Project("{9A19103F-16F7-4668-BE54-9A1E7A4F7556}") = "BackChat", "BackChat\BackChat.csproj", "{EBFAA498-02C0-4C62-A0C7-228D07D19FED}"
EndProject
Project("{9A19103F-16F7-4668-BE54-9A1E7A4F7556}") = "FrontChat", "FrontChat\FrontChat.csproj", "{5B68E425-055F-4EB1-BFAB-7FFC27812D82}"
	ProjectSection(ProjectDependencies) = postProject
		{EBFAA498-02C0-4C62-A0C7-228D07D19FED} = {EBFAA498-02C0-4C62-A0C7-228D07D19FED}
	EndProjectSection
EndProject
Global
	GlobalSection(SolutionConfigurationPlatforms) = preSolution
		Debug|Any CPU = Debug|Any CPU
		Release|Any CPU = Release|Any CPU
	EndGlobalSection
	GlobalSection(ProjectConfigurationPlatforms) = postSolution
		{EBFAA498-02C0-4C62-A0C7-228D07D19FED}.Debug|Any CPU.ActiveCfg = Release|Any CPU
		{EBFAA498-02C0-4C62-A0C7-228D07D19FED}.Debug|Any CPU.Build.0 = Release|Any CPU
		{EBFAA498-02C0-4C62-A0C7-228D07D19FED}.Release|Any CPU.ActiveCfg = Release|Any CPU
		{EBFAA498-02C0-4C62-A0C7-228D07D19FED}.Release|Any CPU.Build.0 = Release|Any CPU
		{5B68E425-055F-4EB1-BFAB-7FFC27812D82}.Debug|Any CPU.ActiveCfg = Release|Any CPU
		{5B68E425-055F-4EB1-BFAB-7FFC27812D82}.Debug|Any CPU.Build.0 = Release|Any CPU
		{5B68E425-055F-4EB1-BFAB-7FFC27812D82}.Release|Any CPU.ActiveCfg = Release|Any CPU
		{5B68E425-055F-4EB1-BFAB-7FFC27812D82}.Release|Any CPU.Build.0 = Release|Any CPU
	EndGlobalSection
	GlobalSection(SolutionProperties) = preSolution
		HideSolutionNode = FALSE
	EndGlobalSection
	GlobalSection(ExtensibilityGlobals) = postSolution
		SolutionGuid = {35025ECE-7168-4F67-AB40-7637554858DA}
	EndGlobalSection
EndGlobal
